
Microsoft Visual Studio Solution File, Format Version 12.00
# Visual Studio Version 17
VisualStudioVersion = 17.1.32421.90
MinimumVisualStudioVersion = 10.0.40219.1
Project("{FAE04EC0-301F-11D3-BF4B-00C04F79EFBC}") = "butterfly", "butterfly\butterfly.csproj", "{D36701BF-45FE-474D-BC6D-DD70FE8C0F81}"
EndProject
Global
	GlobalSection(SolutionConfigurationPlatforms) = preSolution
		Debug|Any CPU = Debug|Any CPU
		Release|Any CPU = Release|Any CPU
	EndGlobalSection
	GlobalSection(ProjectConfigurationPlatforms) = postSolution
		{D36701BF-45FE-474D-BC6D-DD70FE8C0F81}.Debug|Any CPU.ActiveCfg = Debug|Any CPU
		{D36701BF-45FE-474D-BC6D-DD70FE8C0F81}.Debug|Any CPU.Build.0 = Debug|Any CPU
		{D36701BF-45FE-474D-BC6D-DD70FE8C0F81}.Release|Any CPU.ActiveCfg = Release|Any CPU
		{D36701BF-45FE-474D-BC6D-DD70FE8C0F81}.Release|Any CPU.Build.0 = Release|Any CPU
	EndGlobalSection
	GlobalSection(SolutionProperties) = preSolution
		HideSolutionNode = FALSE
	EndGlobalSection
	GlobalSection(ExtensibilityGlobals) = postSolution
		SolutionGuid = {B3C9C571-AA59-4607-8C46-25FEFDDE82B3}
	EndGlobalSection
EndGlobal
